
Microsoft Visual Studio Solution File, Format Version 12.00
# Visual Studio Version 17
VisualStudioVersion = 17.11.35303.130
MinimumVisualStudioVersion = 10.0.40219.1
Project("{9A19103F-16F7-4668-BE54-9A1E7A4F7556}") = "Day01", "Day01\Day01.csproj", "{C80B161A-84C8-4D83-9EF9-297ACC12EFAA}"
EndProject
Project("{9A19103F-16F7-4668-BE54-9A1E7A4F7556}") = "Day02", "Day02\Day02.csproj", "{2DC6A301-50D5-4D8C-80CD-9BE88C2FCFF1}"
EndProject
Project("{2150E333-8FDC-42A3-9474-1A3956D46DE8}") = "Solution Items", "Solution Items", "{99BC50A2-03C3-42FA-A368-530A85E10711}"
	ProjectSection(SolutionItems) = preProject
		Template.txt = Template.txt
	EndProjectSection
EndProject
Global
	GlobalSection(SolutionConfigurationPlatforms) = preSolution
		Debug|Any CPU = Debug|Any CPU
		Release|Any CPU = Release|Any CPU
	EndGlobalSection
	GlobalSection(ProjectConfigurationPlatforms) = postSolution
		{C80B161A-84C8-4D83-9EF9-297ACC12EFAA}.Debug|Any CPU.ActiveCfg = Debug|Any CPU
		{C80B161A-84C8-4D83-9EF9-297ACC12EFAA}.Debug|Any CPU.Build.0 = Debug|Any CPU
		{C80B161A-84C8-4D83-9EF9-297ACC12EFAA}.Release|Any CPU.ActiveCfg = Release|Any CPU
		{C80B161A-84C8-4D83-9EF9-297ACC12EFAA}.Release|Any CPU.Build.0 = Release|Any CPU
		{2DC6A301-50D5-4D8C-80CD-9BE88C2FCFF1}.Debug|Any CPU.ActiveCfg = Debug|Any CPU
		{2DC6A301-50D5-4D8C-80CD-9BE88C2FCFF1}.Debug|Any CPU.Build.0 = Debug|Any CPU
		{2DC6A301-50D5-4D8C-80CD-9BE88C2FCFF1}.Release|Any CPU.ActiveCfg = Release|Any CPU
		{2DC6A301-50D5-4D8C-80CD-9BE88C2FCFF1}.Release|Any CPU.Build.0 = Release|Any CPU
	EndGlobalSection
	GlobalSection(SolutionProperties) = preSolution
		HideSolutionNode = FALSE
	EndGlobalSection
	GlobalSection(ExtensibilityGlobals) = postSolution
		SolutionGuid = {495D9457-60D4-4DA6-AAED-D71D832DA361}
	EndGlobalSection
EndGlobal
